
Microsoft Visual Studio Solution File, Format Version 12.00
# Visual Studio Version 17
VisualStudioVersion = 17.11.35303.130
MinimumVisualStudioVersion = 10.0.40219.1
Project("{9A19103F-16F7-4668-BE54-9A1E7A4F7556}") = "ChiringuitoCH_Data", "ChiringuitoCH_Data\ChiringuitoCH_Data.csproj", "{60494265-8BF9-419E-8DDE-A1356515B727}"
EndProject
Project("{9A19103F-16F7-4668-BE54-9A1E7A4F7556}") = "WebAPICh", "WebAPICh\WebAPICh.csproj", "{EA1909C7-8EA3-42EC-817E-AADB2B11415E}"
EndProject
Project("{9A19103F-16F7-4668-BE54-9A1E7A4F7556}") = "CapaPresentacion", "CapaPresentacion\CapaPresentacion.csproj", "{210C84AA-92E0-44F9-B12E-4F0EEC6EE8D2}"
EndProject
Global
	GlobalSection(SolutionConfigurationPlatforms) = preSolution
		Debug|Any CPU = Debug|Any CPU
		Release|Any CPU = Release|Any CPU
	EndGlobalSection
	GlobalSection(ProjectConfigurationPlatforms) = postSolution
		{60494265-8BF9-419E-8DDE-A1356515B727}.Debug|Any CPU.ActiveCfg = Debug|Any CPU
		{60494265-8BF9-419E-8DDE-A1356515B727}.Debug|Any CPU.Build.0 = Debug|Any CPU
		{60494265-8BF9-419E-8DDE-A1356515B727}.Release|Any CPU.ActiveCfg = Release|Any CPU
		{60494265-8BF9-419E-8DDE-A1356515B727}.Release|Any CPU.Build.0 = Release|Any CPU
		{EA1909C7-8EA3-42EC-817E-AADB2B11415E}.Debug|Any CPU.ActiveCfg = Debug|Any CPU
		{EA1909C7-8EA3-42EC-817E-AADB2B11415E}.Debug|Any CPU.Build.0 = Debug|Any CPU
		{EA1909C7-8EA3-42EC-817E-AADB2B11415E}.Release|Any CPU.ActiveCfg = Release|Any CPU
		{EA1909C7-8EA3-42EC-817E-AADB2B11415E}.Release|Any CPU.Build.0 = Release|Any CPU
		{210C84AA-92E0-44F9-B12E-4F0EEC6EE8D2}.Debug|Any CPU.ActiveCfg = Debug|Any CPU
		{210C84AA-92E0-44F9-B12E-4F0EEC6EE8D2}.Debug|Any CPU.Build.0 = Debug|Any CPU
		{210C84AA-92E0-44F9-B12E-4F0EEC6EE8D2}.Release|Any CPU.ActiveCfg = Release|Any CPU
		{210C84AA-92E0-44F9-B12E-4F0EEC6EE8D2}.Release|Any CPU.Build.0 = Release|Any CPU
	EndGlobalSection
	GlobalSection(SolutionProperties) = preSolution
		HideSolutionNode = FALSE
	EndGlobalSection
	GlobalSection(ExtensibilityGlobals) = postSolution
		SolutionGuid = {0BD2984E-AE4E-4154-89BF-52C59F38BF98}
	EndGlobalSection
EndGlobal
